// !$*UTF8*$!
{
	archiveVersion = 1;
	classes = {
	};
	objectVersion = 46;
	objects = {

/* Begin PBXBuildFile section */
		3B39754B6B5F9CE7F4BBDFAD /* Pods_TiffinService_Backbone.framework in Frameworks */ = {isa = PBXBuildFile; fileRef = 3E107A1A3297702F443AF2AA /* Pods_TiffinService_Backbone.framework */; };
		4A33025DF2207CDE11D30CF1 /* Pods_TiffinService_BackboneTests.framework in Frameworks */ = {isa = PBXBuildFile; fileRef = A2EDB96C963FB9D258B2BB6F /* Pods_TiffinService_BackboneTests.framework */; };
		98BA09B244F32A513B221175 /* Pods_TiffinService_BackboneUITests.framework in Frameworks */ = {isa = PBXBuildFile; fileRef = 03255E78D3BEC25343D5FA8C /* Pods_TiffinService_BackboneUITests.framework */; };
		CB1A44331E5E906D003706F2 /* AppDelegate.swift in Sources */ = {isa = PBXBuildFile; fileRef = CB1A44321E5E906D003706F2 /* AppDelegate.swift */; };
		CB1A44381E5E906E003706F2 /* Main.storyboard in Resources */ = {isa = PBXBuildFile; fileRef = CB1A44361E5E906D003706F2 /* Main.storyboard */; };
		CB1A443B1E5E906E003706F2 /* TiffinService_Backbone.xcdatamodeld in Sources */ = {isa = PBXBuildFile; fileRef = CB1A44391E5E906E003706F2 /* TiffinService_Backbone.xcdatamodeld */; };
		CB1A443D1E5E906E003706F2 /* Assets.xcassets in Resources */ = {isa = PBXBuildFile; fileRef = CB1A443C1E5E906E003706F2 /* Assets.xcassets */; };
		CB1A44401E5E906E003706F2 /* LaunchScreen.storyboard in Resources */ = {isa = PBXBuildFile; fileRef = CB1A443E1E5E906E003706F2 /* LaunchScreen.storyboard */; };
		CB1A444B1E5E906E003706F2 /* TiffinService_BackboneTests.swift in Sources */ = {isa = PBXBuildFile; fileRef = CB1A444A1E5E906E003706F2 /* TiffinService_BackboneTests.swift */; };
		CB1A44561E5E906E003706F2 /* TiffinService_BackboneUITests.swift in Sources */ = {isa = PBXBuildFile; fileRef = CB1A44551E5E906E003706F2 /* TiffinService_BackboneUITests.swift */; };
		CB1A44651E5EA2BD003706F2 /* MenuItem.swift in Sources */ = {isa = PBXBuildFile; fileRef = CB1A44641E5EA2BD003706F2 /* MenuItem.swift */; };
		CB1A44691E5EA9E3003706F2 /* GoogleService-Info.plist in Resources */ = {isa = PBXBuildFile; fileRef = CB1A44681E5EA9E3003706F2 /* GoogleService-Info.plist */; };
		CB1A446A1E5EA9E3003706F2 /* GoogleService-Info.plist in Resources */ = {isa = PBXBuildFile; fileRef = CB1A44681E5EA9E3003706F2 /* GoogleService-Info.plist */; };
		CB1A446B1E5EA9E3003706F2 /* GoogleService-Info.plist in Resources */ = {isa = PBXBuildFile; fileRef = CB1A44681E5EA9E3003706F2 /* GoogleService-Info.plist */; };
		CB1A44701E6139C7003706F2 /* MenuInventoryVC.swift in Sources */ = {isa = PBXBuildFile; fileRef = CB1A446F1E6139C7003706F2 /* MenuInventoryVC.swift */; };
		CB1A44731E623B08003706F2 /* MenuItemUploadVC.swift in Sources */ = {isa = PBXBuildFile; fileRef = CB1A44721E623B08003706F2 /* MenuItemUploadVC.swift */; };
		CB1A44751E62A727003706F2 /* OrderItem.swift in Sources */ = {isa = PBXBuildFile; fileRef = CB1A44741E62A727003706F2 /* OrderItem.swift */; };
		CB1A44781E62AF94003706F2 /* MenuItemCell.swift in Sources */ = {isa = PBXBuildFile; fileRef = CB1A44771E62AF94003706F2 /* MenuItemCell.swift */; };
		CB1A447B1E638865003706F2 /* DateUtils.swift in Sources */ = {isa = PBXBuildFile; fileRef = CB1A447A1E638865003706F2 /* DateUtils.swift */; };
		CB1A447F1E6518AD003706F2 /* MenuForClientVC.swift in Sources */ = {isa = PBXBuildFile; fileRef = CB1A447E1E6518AD003706F2 /* MenuForClientVC.swift */; };
		CB1A44821E651EFF003706F2 /* MenuItemService.swift in Sources */ = {isa = PBXBuildFile; fileRef = CB1A44811E651EFF003706F2 /* MenuItemService.swift */; };
		CBF10EAB1E6C8043003526F4 /* OrderItemService.swift in Sources */ = {isa = PBXBuildFile; fileRef = CBF10EAA1E6C8043003526F4 /* OrderItemService.swift */; };
		CBF10EAD1E6C8ECA003526F4 /* OrderConfirmVC.swift in Sources */ = {isa = PBXBuildFile; fileRef = CBF10EAC1E6C8ECA003526F4 /* OrderConfirmVC.swift */; };
		CBF10EAF1E6C98E7003526F4 /* OrderConfirmCell.swift in Sources */ = {isa = PBXBuildFile; fileRef = CBF10EAE1E6C98E7003526F4 /* OrderConfirmCell.swift */; };
		CBF10EB11E6E4DAC003526F4 /* BaseModel.swift in Sources */ = {isa = PBXBuildFile; fileRef = CBF10EB01E6E4DAC003526F4 /* BaseModel.swift */; };
		CBF10EB31E6E6CB9003526F4 /* TimeUtils.swift in Sources */ = {isa = PBXBuildFile; fileRef = CBF10EB21E6E6CB9003526F4 /* TimeUtils.swift */; };
		CBF10EB61E6E6DBA003526F4 /* MenuInventoryItemVM.swift in Sources */ = {isa = PBXBuildFile; fileRef = CBF10EB51E6E6DBA003526F4 /* MenuInventoryItemVM.swift */; };
/* End PBXBuildFile section */

/* Begin PBXContainerItemProxy section */
		CB1A44471E5E906E003706F2 /* PBXContainerItemProxy */ = {
			isa = PBXContainerItemProxy;
			containerPortal = CB1A44271E5E906D003706F2 /* Project object */;
			proxyType = 1;
			remoteGlobalIDString = CB1A442E1E5E906D003706F2;
			remoteInfo = "TiffinService Backbone";
		};
		CB1A44521E5E906E003706F2 /* PBXContainerItemProxy */ = {
			isa = PBXContainerItemProxy;
			containerPortal = CB1A44271E5E906D003706F2 /* Project object */;
			proxyType = 1;
			remoteGlobalIDString = CB1A442E1E5E906D003706F2;
			remoteInfo = "TiffinService Backbone";
		};
/* End PBXContainerItemProxy section */

/* Begin PBXFileReference section */
		03255E78D3BEC25343D5FA8C /* Pods_TiffinService_BackboneUITests.framework */ = {isa = PBXFileReference; explicitFileType = wrapper.framework; includeInIndex = 0; path = Pods_TiffinService_BackboneUITests.framework; sourceTree = BUILT_PRODUCTS_DIR; };
		061E5A3CB83FF9D0DF0E1642 /* Pods-TiffinService Backbone.debug.xcconfig */ = {isa = PBXFileReference; includeInIndex = 1; lastKnownFileType = text.xcconfig; name = "Pods-TiffinService Backbone.debug.xcconfig"; path = "Pods/Target Support Files/Pods-TiffinService Backbone/Pods-TiffinService Backbone.debug.xcconfig"; sourceTree = "<group>"; };
		30925154A7FFD87C7428F949 /* Pods-TiffinService Backbone.release.xcconfig */ = {isa = PBXFileReference; includeInIndex = 1; lastKnownFileType = text.xcconfig; name = "Pods-TiffinService Backbone.release.xcconfig"; path = "Pods/Target Support Files/Pods-TiffinService Backbone/Pods-TiffinService Backbone.release.xcconfig"; sourceTree = "<group>"; };
		3E107A1A3297702F443AF2AA /* Pods_TiffinService_Backbone.framework */ = {isa = PBXFileReference; explicitFileType = wrapper.framework; includeInIndex = 0; path = Pods_TiffinService_Backbone.framework; sourceTree = BUILT_PRODUCTS_DIR; };
		4BD96FFF71D7C66652FD094D /* Pods-TiffinService BackboneUITests.debug.xcconfig */ = {isa = PBXFileReference; includeInIndex = 1; lastKnownFileType = text.xcconfig; name = "Pods-TiffinService BackboneUITests.debug.xcconfig"; path = "Pods/Target Support Files/Pods-TiffinService BackboneUITests/Pods-TiffinService BackboneUITests.debug.xcconfig"; sourceTree = "<group>"; };
		86F045515BF8BACB9D9CB384 /* Pods-TiffinService BackboneTests.debug.xcconfig */ = {isa = PBXFileReference; includeInIndex = 1; lastKnownFileType = text.xcconfig; name = "Pods-TiffinService BackboneTests.debug.xcconfig"; path = "Pods/Target Support Files/Pods-TiffinService BackboneTests/Pods-TiffinService BackboneTests.debug.xcconfig"; sourceTree = "<group>"; };
		A2EDB96C963FB9D258B2BB6F /* Pods_TiffinService_BackboneTests.framework */ = {isa = PBXFileReference; explicitFileType = wrapper.framework; includeInIndex = 0; path = Pods_TiffinService_BackboneTests.framework; sourceTree = BUILT_PRODUCTS_DIR; };
		C679BE895F7D550EC22D816D /* Pods-TiffinService BackboneTests.release.xcconfig */ = {isa = PBXFileReference; includeInIndex = 1; lastKnownFileType = text.xcconfig; name = "Pods-TiffinService BackboneTests.release.xcconfig"; path = "Pods/Target Support Files/Pods-TiffinService BackboneTests/Pods-TiffinService BackboneTests.release.xcconfig"; sourceTree = "<group>"; };
		CB1A442F1E5E906D003706F2 /* TiffinService Backbone.app */ = {isa = PBXFileReference; explicitFileType = wrapper.application; includeInIndex = 0; path = "TiffinService Backbone.app"; sourceTree = BUILT_PRODUCTS_DIR; };
		CB1A44321E5E906D003706F2 /* AppDelegate.swift */ = {isa = PBXFileReference; lastKnownFileType = sourcecode.swift; path = AppDelegate.swift; sourceTree = "<group>"; };
		CB1A44371E5E906D003706F2 /* Base */ = {isa = PBXFileReference; lastKnownFileType = file.storyboard; name = Base; path = Base.lproj/Main.storyboard; sourceTree = "<group>"; };
		CB1A443A1E5E906E003706F2 /* TiffinService_Backbone.xcdatamodel */ = {isa = PBXFileReference; lastKnownFileType = wrapper.xcdatamodel; path = TiffinService_Backbone.xcdatamodel; sourceTree = "<group>"; };
		CB1A443C1E5E906E003706F2 /* Assets.xcassets */ = {isa = PBXFileReference; lastKnownFileType = folder.assetcatalog; path = Assets.xcassets; sourceTree = "<group>"; };
		CB1A443F1E5E906E003706F2 /* Base */ = {isa = PBXFileReference; lastKnownFileType = file.storyboard; name = Base; path = Base.lproj/LaunchScreen.storyboard; sourceTree = "<group>"; };
		CB1A44411E5E906E003706F2 /* Info.plist */ = {isa = PBXFileReference; lastKnownFileType = text.plist.xml; path = Info.plist; sourceTree = "<group>"; };
		CB1A44461E5E906E003706F2 /* TiffinService BackboneTests.xctest */ = {isa = PBXFileReference; explicitFileType = wrapper.cfbundle; includeInIndex = 0; path = "TiffinService BackboneTests.xctest"; sourceTree = BUILT_PRODUCTS_DIR; };
		CB1A444A1E5E906E003706F2 /* TiffinService_BackboneTests.swift */ = {isa = PBXFileReference; lastKnownFileType = sourcecode.swift; path = TiffinService_BackboneTests.swift; sourceTree = "<group>"; };
		CB1A444C1E5E906E003706F2 /* Info.plist */ = {isa = PBXFileReference; lastKnownFileType = text.plist.xml; path = Info.plist; sourceTree = "<group>"; };
		CB1A44511E5E906E003706F2 /* TiffinService BackboneUITests.xctest */ = {isa = PBXFileReference; explicitFileType = wrapper.cfbundle; includeInIndex = 0; path = "TiffinService BackboneUITests.xctest"; sourceTree = BUILT_PRODUCTS_DIR; };
		CB1A44551E5E906E003706F2 /* TiffinService_BackboneUITests.swift */ = {isa = PBXFileReference; lastKnownFileType = sourcecode.swift; path = TiffinService_BackboneUITests.swift; sourceTree = "<group>"; };
		CB1A44571E5E906E003706F2 /* Info.plist */ = {isa = PBXFileReference; lastKnownFileType = text.plist.xml; path = Info.plist; sourceTree = "<group>"; };
		CB1A44641E5EA2BD003706F2 /* MenuItem.swift */ = {isa = PBXFileReference; fileEncoding = 4; lastKnownFileType = sourcecode.swift; path = MenuItem.swift; sourceTree = "<group>"; };
		CB1A44681E5EA9E3003706F2 /* GoogleService-Info.plist */ = {isa = PBXFileReference; fileEncoding = 4; lastKnownFileType = text.plist.xml; path = "GoogleService-Info.plist"; sourceTree = "<group>"; };
		CB1A446F1E6139C7003706F2 /* MenuInventoryVC.swift */ = {isa = PBXFileReference; fileEncoding = 4; lastKnownFileType = sourcecode.swift; path = MenuInventoryVC.swift; sourceTree = "<group>"; };
		CB1A44721E623B08003706F2 /* MenuItemUploadVC.swift */ = {isa = PBXFileReference; fileEncoding = 4; lastKnownFileType = sourcecode.swift; path = MenuItemUploadVC.swift; sourceTree = "<group>"; };
		CB1A44741E62A727003706F2 /* OrderItem.swift */ = {isa = PBXFileReference; fileEncoding = 4; lastKnownFileType = sourcecode.swift; path = OrderItem.swift; sourceTree = "<group>"; };
		CB1A44771E62AF94003706F2 /* MenuItemCell.swift */ = {isa = PBXFileReference; fileEncoding = 4; lastKnownFileType = sourcecode.swift; path = MenuItemCell.swift; sourceTree = "<group>"; };
		CB1A447A1E638865003706F2 /* DateUtils.swift */ = {isa = PBXFileReference; fileEncoding = 4; lastKnownFileType = sourcecode.swift; path = DateUtils.swift; sourceTree = "<group>"; };
		CB1A447E1E6518AD003706F2 /* MenuForClientVC.swift */ = {isa = PBXFileReference; fileEncoding = 4; lastKnownFileType = sourcecode.swift; path = MenuForClientVC.swift; sourceTree = "<group>"; };
		CB1A44811E651EFF003706F2 /* MenuItemService.swift */ = {isa = PBXFileReference; fileEncoding = 4; lastKnownFileType = sourcecode.swift; path = MenuItemService.swift; sourceTree = "<group>"; };
		CBF10EAA1E6C8043003526F4 /* OrderItemService.swift */ = {isa = PBXFileReference; fileEncoding = 4; lastKnownFileType = sourcecode.swift; path = OrderItemService.swift; sourceTree = "<group>"; };
		CBF10EAC1E6C8ECA003526F4 /* OrderConfirmVC.swift */ = {isa = PBXFileReference; fileEncoding = 4; lastKnownFileType = sourcecode.swift; path = OrderConfirmVC.swift; sourceTree = "<group>"; };
		CBF10EAE1E6C98E7003526F4 /* OrderConfirmCell.swift */ = {isa = PBXFileReference; fileEncoding = 4; lastKnownFileType = sourcecode.swift; path = OrderConfirmCell.swift; sourceTree = "<group>"; };
		CBF10EB01E6E4DAC003526F4 /* BaseModel.swift */ = {isa = PBXFileReference; fileEncoding = 4; lastKnownFileType = sourcecode.swift; path = BaseModel.swift; sourceTree = "<group>"; };
		CBF10EB21E6E6CB9003526F4 /* TimeUtils.swift */ = {isa = PBXFileReference; fileEncoding = 4; lastKnownFileType = sourcecode.swift; path = TimeUtils.swift; sourceTree = "<group>"; };
		CBF10EB51E6E6DBA003526F4 /* MenuInventoryItemVM.swift */ = {isa = PBXFileReference; fileEncoding = 4; lastKnownFileType = sourcecode.swift; path = MenuInventoryItemVM.swift; sourceTree = "<group>"; };
		D96FED3096EA96B9BC5BBF3F /* Pods-TiffinService BackboneUITests.release.xcconfig */ = {isa = PBXFileReference; includeInIndex = 1; lastKnownFileType = text.xcconfig; name = "Pods-TiffinService BackboneUITests.release.xcconfig"; path = "Pods/Target Support Files/Pods-TiffinService BackboneUITests/Pods-TiffinService BackboneUITests.release.xcconfig"; sourceTree = "<group>"; };
/* End PBXFileReference section */

/* Begin PBXFrameworksBuildPhase section */
		CB1A442C1E5E906D003706F2 /* Frameworks */ = {
			isa = PBXFrameworksBuildPhase;
			buildActionMask = 2147483647;
			files = (
				3B39754B6B5F9CE7F4BBDFAD /* Pods_TiffinService_Backbone.framework in Frameworks */,
			);
			runOnlyForDeploymentPostprocessing = 0;
		};
		CB1A44431E5E906E003706F2 /* Frameworks */ = {
			isa = PBXFrameworksBuildPhase;
			buildActionMask = 2147483647;
			files = (
				4A33025DF2207CDE11D30CF1 /* Pods_TiffinService_BackboneTests.framework in Frameworks */,
			);
			runOnlyForDeploymentPostprocessing = 0;
		};
		CB1A444E1E5E906E003706F2 /* Frameworks */ = {
			isa = PBXFrameworksBuildPhase;
			buildActionMask = 2147483647;
			files = (
				98BA09B244F32A513B221175 /* Pods_TiffinService_BackboneUITests.framework in Frameworks */,
			);
			runOnlyForDeploymentPostprocessing = 0;
		};
/* End PBXFrameworksBuildPhase section */

/* Begin PBXGroup section */
		427B06155135254F3E714000 /* Frameworks */ = {
			isa = PBXGroup;
			children = (
				3E107A1A3297702F443AF2AA /* Pods_TiffinService_Backbone.framework */,
				A2EDB96C963FB9D258B2BB6F /* Pods_TiffinService_BackboneTests.framework */,
				03255E78D3BEC25343D5FA8C /* Pods_TiffinService_BackboneUITests.framework */,
			);
			name = Frameworks;
			sourceTree = "<group>";
		};
		B808CE9E7307F047B089F9FD /* Pods */ = {
			isa = PBXGroup;
			children = (
				061E5A3CB83FF9D0DF0E1642 /* Pods-TiffinService Backbone.debug.xcconfig */,
				30925154A7FFD87C7428F949 /* Pods-TiffinService Backbone.release.xcconfig */,
				86F045515BF8BACB9D9CB384 /* Pods-TiffinService BackboneTests.debug.xcconfig */,
				C679BE895F7D550EC22D816D /* Pods-TiffinService BackboneTests.release.xcconfig */,
				4BD96FFF71D7C66652FD094D /* Pods-TiffinService BackboneUITests.debug.xcconfig */,
				D96FED3096EA96B9BC5BBF3F /* Pods-TiffinService BackboneUITests.release.xcconfig */,
			);
			name = Pods;
			sourceTree = "<group>";
		};
		CB1A44261E5E906D003706F2 = {
			isa = PBXGroup;
			children = (
				CB1A44311E5E906D003706F2 /* TiffinService Backbone */,
				CB1A44491E5E906E003706F2 /* TiffinService BackboneTests */,
				CB1A44541E5E906E003706F2 /* TiffinService BackboneUITests */,
				CB1A44301E5E906D003706F2 /* Products */,
				B808CE9E7307F047B089F9FD /* Pods */,
				427B06155135254F3E714000 /* Frameworks */,
			);
			sourceTree = "<group>";
		};
		CB1A44301E5E906D003706F2 /* Products */ = {
			isa = PBXGroup;
			children = (
				CB1A442F1E5E906D003706F2 /* TiffinService Backbone.app */,
				CB1A44461E5E906E003706F2 /* TiffinService BackboneTests.xctest */,
				CB1A44511E5E906E003706F2 /* TiffinService BackboneUITests.xctest */,
			);
			name = Products;
			sourceTree = "<group>";
		};
		CB1A44311E5E906D003706F2 /* TiffinService Backbone */ = {
			isa = PBXGroup;
			children = (
				CBF10EB41E6E6D81003526F4 /* ViewModel */,
				CB1A44801E651EDB003706F2 /* Service */,
				CB1A44791E6387E7003706F2 /* Utils */,
				CB1A44761E62AF72003706F2 /* View */,
				CB1A44711E6229EE003706F2 /* ViewController */,
				CB1A44631E5EA14E003706F2 /* Model */,
				CB1A44321E5E906D003706F2 /* AppDelegate.swift */,
				CB1A44361E5E906D003706F2 /* Main.storyboard */,
				CB1A443C1E5E906E003706F2 /* Assets.xcassets */,
				CB1A443E1E5E906E003706F2 /* LaunchScreen.storyboard */,
				CB1A44411E5E906E003706F2 /* Info.plist */,
				CB1A44391E5E906E003706F2 /* TiffinService_Backbone.xcdatamodeld */,
				CB1A44681E5EA9E3003706F2 /* GoogleService-Info.plist */,
			);
			path = "TiffinService Backbone";
			sourceTree = "<group>";
		};
		CB1A44491E5E906E003706F2 /* TiffinService BackboneTests */ = {
			isa = PBXGroup;
			children = (
				CB1A444A1E5E906E003706F2 /* TiffinService_BackboneTests.swift */,
				CB1A444C1E5E906E003706F2 /* Info.plist */,
			);
			path = "TiffinService BackboneTests";
			sourceTree = "<group>";
		};
		CB1A44541E5E906E003706F2 /* TiffinService BackboneUITests */ = {
			isa = PBXGroup;
			children = (
				CB1A44551E5E906E003706F2 /* TiffinService_BackboneUITests.swift */,
				CB1A44571E5E906E003706F2 /* Info.plist */,
			);
			path = "TiffinService BackboneUITests";
			sourceTree = "<group>";
		};
		CB1A44631E5EA14E003706F2 /* Model */ = {
			isa = PBXGroup;
			children = (
				CB1A44641E5EA2BD003706F2 /* MenuItem.swift */,
				CB1A44741E62A727003706F2 /* OrderItem.swift */,
				CBF10EB01E6E4DAC003526F4 /* BaseModel.swift */,
			);
			name = Model;
			sourceTree = "<group>";
		};
		CB1A44711E6229EE003706F2 /* ViewController */ = {
			isa = PBXGroup;
			children = (
				CB1A446F1E6139C7003706F2 /* MenuInventoryVC.swift */,
				CB1A44721E623B08003706F2 /* MenuItemUploadVC.swift */,
				CB1A447E1E6518AD003706F2 /* MenuForClientVC.swift */,
				CBF10EAC1E6C8ECA003526F4 /* OrderConfirmVC.swift */,
			);
			name = ViewController;
			sourceTree = "<group>";
		};
		CB1A44761E62AF72003706F2 /* View */ = {
			isa = PBXGroup;
			children = (
				CB1A44771E62AF94003706F2 /* MenuItemCell.swift */,
				CBF10EAE1E6C98E7003526F4 /* OrderConfirmCell.swift */,
			);
			name = View;
			sourceTree = "<group>";
		};
		CB1A44791E6387E7003706F2 /* Utils */ = {
			isa = PBXGroup;
			children = (
				CB1A447A1E638865003706F2 /* DateUtils.swift */,
				CBF10EB21E6E6CB9003526F4 /* TimeUtils.swift */,
			);
			name = Utils;
			sourceTree = "<group>";
		};
		CB1A44801E651EDB003706F2 /* Service */ = {
			isa = PBXGroup;
			children = (
				CB1A44811E651EFF003706F2 /* MenuItemService.swift */,
				CBF10EAA1E6C8043003526F4 /* OrderItemService.swift */,
			);
			name = Service;
			sourceTree = "<group>";
		};
		CBF10EB41E6E6D81003526F4 /* ViewModel */ = {
			isa = PBXGroup;
			children = (
				CBF10EB51E6E6DBA003526F4 /* MenuInventoryItemVM.swift */,
			);
			name = ViewModel;
			sourceTree = "<group>";
		};
/* End PBXGroup section */

/* Begin PBXNativeTarget section */
		CB1A442E1E5E906D003706F2 /* TiffinService Backbone */ = {
			isa = PBXNativeTarget;
			buildConfigurationList = CB1A445A1E5E906E003706F2 /* Build configuration list for PBXNativeTarget "TiffinService Backbone" */;
			buildPhases = (
				9216ACD944DE7E3E96663CC7 /* [CP] Check Pods Manifest.lock */,
				CB1A442B1E5E906D003706F2 /* Sources */,
				CB1A442C1E5E906D003706F2 /* Frameworks */,
				CB1A442D1E5E906D003706F2 /* Resources */,
				306964A04D67386DF99B2C6C /* [CP] Embed Pods Frameworks */,
				4785490D45126E7983B2DCDC /* [CP] Copy Pods Resources */,
			);
			buildRules = (
			);
			dependencies = (
			);
			name = "TiffinService Backbone";
			productName = "TiffinService Backbone";
			productReference = CB1A442F1E5E906D003706F2 /* TiffinService Backbone.app */;
			productType = "com.apple.product-type.application";
		};
		CB1A44451E5E906E003706F2 /* TiffinService BackboneTests */ = {
			isa = PBXNativeTarget;
			buildConfigurationList = CB1A445D1E5E906E003706F2 /* Build configuration list for PBXNativeTarget "TiffinService BackboneTests" */;
			buildPhases = (
				93B47B9B8B6CA4498221EE3D /* [CP] Check Pods Manifest.lock */,
				CB1A44421E5E906E003706F2 /* Sources */,
				CB1A44431E5E906E003706F2 /* Frameworks */,
				CB1A44441E5E906E003706F2 /* Resources */,
				A1E0880187410A44BAAE0553 /* [CP] Embed Pods Frameworks */,
				9E988E299DCE46616EEEC5FF /* [CP] Copy Pods Resources */,
			);
			buildRules = (
			);
			dependencies = (
				CB1A44481E5E906E003706F2 /* PBXTargetDependency */,
			);
			name = "TiffinService BackboneTests";
			productName = "TiffinService BackboneTests";
			productReference = CB1A44461E5E906E003706F2 /* TiffinService BackboneTests.xctest */;
			productType = "com.apple.product-type.bundle.unit-test";
		};
		CB1A44501E5E906E003706F2 /* TiffinService BackboneUITests */ = {
			isa = PBXNativeTarget;
			buildConfigurationList = CB1A44601E5E906E003706F2 /* Build configuration list for PBXNativeTarget "TiffinService BackboneUITests" */;
			buildPhases = (
				2AA3CAD6BD5D54D48E55DFBC /* [CP] Check Pods Manifest.lock */,
				CB1A444D1E5E906E003706F2 /* Sources */,
				CB1A444E1E5E906E003706F2 /* Frameworks */,
				CB1A444F1E5E906E003706F2 /* Resources */,
				586998A309C0DDFC33F7C22D /* [CP] Embed Pods Frameworks */,
				0CF5B2703E7869089F71E0B7 /* [CP] Copy Pods Resources */,
			);
			buildRules = (
			);
			dependencies = (
				CB1A44531E5E906E003706F2 /* PBXTargetDependency */,
			);
			name = "TiffinService BackboneUITests";
			productName = "TiffinService BackboneUITests";
			productReference = CB1A44511E5E906E003706F2 /* TiffinService BackboneUITests.xctest */;
			productType = "com.apple.product-type.bundle.ui-testing";
		};
/* End PBXNativeTarget section */

/* Begin PBXProject section */
		CB1A44271E5E906D003706F2 /* Project object */ = {
			isa = PBXProject;
			attributes = {
				LastSwiftUpdateCheck = 0820;
				LastUpgradeCheck = 0820;
				ORGANIZATIONNAME = "Srikant Viswanath";
				TargetAttributes = {
					CB1A442E1E5E906D003706F2 = {
						CreatedOnToolsVersion = 8.2.1;
						DevelopmentTeam = 8WUCP656VM;
						ProvisioningStyle = Automatic;
					};
					CB1A44451E5E906E003706F2 = {
						CreatedOnToolsVersion = 8.2.1;
						ProvisioningStyle = Automatic;
						TestTargetID = CB1A442E1E5E906D003706F2;
					};
					CB1A44501E5E906E003706F2 = {
						CreatedOnToolsVersion = 8.2.1;
						ProvisioningStyle = Automatic;
						TestTargetID = CB1A442E1E5E906D003706F2;
					};
				};
			};
			buildConfigurationList = CB1A442A1E5E906D003706F2 /* Build configuration list for PBXProject "TiffinService Backbone" */;
			compatibilityVersion = "Xcode 3.2";
			developmentRegion = English;
			hasScannedForEncodings = 0;
			knownRegions = (
				en,
				Base,
			);
			mainGroup = CB1A44261E5E906D003706F2;
			productRefGroup = CB1A44301E5E906D003706F2 /* Products */;
			projectDirPath = "";
			projectRoot = "";
			targets = (
				CB1A442E1E5E906D003706F2 /* TiffinService Backbone */,
				CB1A44451E5E906E003706F2 /* TiffinService BackboneTests */,
				CB1A44501E5E906E003706F2 /* TiffinService BackboneUITests */,
			);
		};
/* End PBXProject section */

/* Begin PBXResourcesBuildPhase section */
		CB1A442D1E5E906D003706F2 /* Resources */ = {
			isa = PBXResourcesBuildPhase;
			buildActionMask = 2147483647;
			files = (
				CB1A44401E5E906E003706F2 /* LaunchScreen.storyboard in Resources */,
				CB1A44691E5EA9E3003706F2 /* GoogleService-Info.plist in Resources */,
				CB1A443D1E5E906E003706F2 /* Assets.xcassets in Resources */,
				CB1A44381E5E906E003706F2 /* Main.storyboard in Resources */,
			);
			runOnlyForDeploymentPostprocessing = 0;
		};
		CB1A44441E5E906E003706F2 /* Resources */ = {
			isa = PBXResourcesBuildPhase;
			buildActionMask = 2147483647;
			files = (
				CB1A446A1E5EA9E3003706F2 /* GoogleService-Info.plist in Resources */,
			);
			runOnlyForDeploymentPostprocessing = 0;
		};
		CB1A444F1E5E906E003706F2 /* Resources */ = {
			isa = PBXResourcesBuildPhase;
			buildActionMask = 2147483647;
			files = (
				CB1A446B1E5EA9E3003706F2 /* GoogleService-Info.plist in Resources */,
			);
			runOnlyForDeploymentPostprocessing = 0;
		};
/* End PBXResourcesBuildPhase section */

/* Begin PBXShellScriptBuildPhase section */
		0CF5B2703E7869089F71E0B7 /* [CP] Copy Pods Resources */ = {
			isa = PBXShellScriptBuildPhase;
			buildActionMask = 2147483647;
			files = (
			);
			inputPaths = (
			);
			name = "[CP] Copy Pods Resources";
			outputPaths = (
			);
			runOnlyForDeploymentPostprocessing = 0;
			shellPath = /bin/sh;
			shellScript = "\"${SRCROOT}/Pods/Target Support Files/Pods-TiffinService BackboneUITests/Pods-TiffinService BackboneUITests-resources.sh\"\n";
			showEnvVarsInLog = 0;
		};
		2AA3CAD6BD5D54D48E55DFBC /* [CP] Check Pods Manifest.lock */ = {
			isa = PBXShellScriptBuildPhase;
			buildActionMask = 2147483647;
			files = (
			);
			inputPaths = (
			);
			name = "[CP] Check Pods Manifest.lock";
			outputPaths = (
			);
			runOnlyForDeploymentPostprocessing = 0;
			shellPath = /bin/sh;
			shellScript = "diff \"${PODS_ROOT}/../Podfile.lock\" \"${PODS_ROOT}/Manifest.lock\" > /dev/null\nif [ $? != 0 ] ; then\n    # print error to STDERR\n    echo \"error: The sandbox is not in sync with the Podfile.lock. Run 'pod install' or update your CocoaPods installation.\" >&2\n    exit 1\nfi\n";
			showEnvVarsInLog = 0;
		};
		306964A04D67386DF99B2C6C /* [CP] Embed Pods Frameworks */ = {
			isa = PBXShellScriptBuildPhase;
			buildActionMask = 2147483647;
			files = (
			);
			inputPaths = (
			);
			name = "[CP] Embed Pods Frameworks";
			outputPaths = (
			);
			runOnlyForDeploymentPostprocessing = 0;
			shellPath = /bin/sh;
			shellScript = "\"${SRCROOT}/Pods/Target Support Files/Pods-TiffinService Backbone/Pods-TiffinService Backbone-frameworks.sh\"\n";
			showEnvVarsInLog = 0;
		};
		4785490D45126E7983B2DCDC /* [CP] Copy Pods Resources */ = {
			isa = PBXShellScriptBuildPhase;
			buildActionMask = 2147483647;
			files = (
			);
			inputPaths = (
			);
			name = "[CP] Copy Pods Resources";
			outputPaths = (
			);
			runOnlyForDeploymentPostprocessing = 0;
			shellPath = /bin/sh;
			shellScript = "\"${SRCROOT}/Pods/Target Support Files/Pods-TiffinService Backbone/Pods-TiffinService Backbone-resources.sh\"\n";
			showEnvVarsInLog = 0;
		};
		586998A309C0DDFC33F7C22D /* [CP] Embed Pods Frameworks */ = {
			isa = PBXShellScriptBuildPhase;
			buildActionMask = 2147483647;
			files = (
			);
			inputPaths = (
			);
			name = "[CP] Embed Pods Frameworks";
			outputPaths = (
			);
			runOnlyForDeploymentPostprocessing = 0;
			shellPath = /bin/sh;
			shellScript = "\"${SRCROOT}/Pods/Target Support Files/Pods-TiffinService BackboneUITests/Pods-TiffinService BackboneUITests-frameworks.sh\"\n";
			showEnvVarsInLog = 0;
		};
		9216ACD944DE7E3E96663CC7 /* [CP] Check Pods Manifest.lock */ = {
			isa = PBXShellScriptBuildPhase;
			buildActionMask = 2147483647;
			files = (
			);
			inputPaths = (
			);
			name = "[CP] Check Pods Manifest.lock";
			outputPaths = (
			);
			runOnlyForDeploymentPostprocessing = 0;
			shellPath = /bin/sh;
			shellScript = "diff \"${PODS_ROOT}/../Podfile.lock\" \"${PODS_ROOT}/Manifest.lock\" > /dev/null\nif [ $? != 0 ] ; then\n    # print error to STDERR\n    echo \"error: The sandbox is not in sync with the Podfile.lock. Run 'pod install' or update your CocoaPods installation.\" >&2\n    exit 1\nfi\n";
			showEnvVarsInLog = 0;
		};
		93B47B9B8B6CA4498221EE3D /* [CP] Check Pods Manifest.lock */ = {
			isa = PBXShellScriptBuildPhase;
			buildActionMask = 2147483647;
			files = (
			);
			inputPaths = (
			);
			name = "[CP] Check Pods Manifest.lock";
			outputPaths = (
			);
			runOnlyForDeploymentPostprocessing = 0;
			shellPath = /bin/sh;
			shellScript = "diff \"${PODS_ROOT}/../Podfile.lock\" \"${PODS_ROOT}/Manifest.lock\" > /dev/null\nif [ $? != 0 ] ; then\n    # print error to STDERR\n    echo \"error: The sandbox is not in sync with the Podfile.lock. Run 'pod install' or update your CocoaPods installation.\" >&2\n    exit 1\nfi\n";
			showEnvVarsInLog = 0;
		};
		9E988E299DCE46616EEEC5FF /* [CP] Copy Pods Resources */ = {
			isa = PBXShellScriptBuildPhase;
			buildActionMask = 2147483647;
			files = (
			);
			inputPaths = (
			);
			name = "[CP] Copy Pods Resources";
			outputPaths = (
			);
			runOnlyForDeploymentPostprocessing = 0;
			shellPath = /bin/sh;
			shellScript = "\"${SRCROOT}/Pods/Target Support Files/Pods-TiffinService BackboneTests/Pods-TiffinService BackboneTests-resources.sh\"\n";
			showEnvVarsInLog = 0;
		};
		A1E0880187410A44BAAE0553 /* [CP] Embed Pods Frameworks */ = {
			isa = PBXShellScriptBuildPhase;
			buildActionMask = 2147483647;
			files = (
			);
			inputPaths = (
			);
			name = "[CP] Embed Pods Frameworks";
			outputPaths = (
			);
			runOnlyForDeploymentPostprocessing = 0;
			shellPath = /bin/sh;
			shellScript = "\"${SRCROOT}/Pods/Target Support Files/Pods-TiffinService BackboneTests/Pods-TiffinService BackboneTests-frameworks.sh\"\n";
			showEnvVarsInLog = 0;
		};
/* End PBXShellScriptBuildPhase section */

/* Begin PBXSourcesBuildPhase section */
		CB1A442B1E5E906D003706F2 /* Sources */ = {
			isa = PBXSourcesBuildPhase;
			buildActionMask = 2147483647;
			files = (
				CB1A44701E6139C7003706F2 /* MenuInventoryVC.swift in Sources */,
				CB1A447B1E638865003706F2 /* DateUtils.swift in Sources */,
				CBF10EB61E6E6DBA003526F4 /* MenuInventoryItemVM.swift in Sources */,
				CBF10EB11E6E4DAC003526F4 /* BaseModel.swift in Sources */,
				CBF10EAD1E6C8ECA003526F4 /* OrderConfirmVC.swift in Sources */,
				CBF10EAB1E6C8043003526F4 /* OrderItemService.swift in Sources */,
				CBF10EAF1E6C98E7003526F4 /* OrderConfirmCell.swift in Sources */,
				CBF10EB31E6E6CB9003526F4 /* TimeUtils.swift in Sources */,
				CB1A44651E5EA2BD003706F2 /* MenuItem.swift in Sources */,
				CB1A44781E62AF94003706F2 /* MenuItemCell.swift in Sources */,
				CB1A44731E623B08003706F2 /* MenuItemUploadVC.swift in Sources */,
				CB1A44751E62A727003706F2 /* OrderItem.swift in Sources */,
				CB1A44821E651EFF003706F2 /* MenuItemService.swift in Sources */,
				CB1A44331E5E906D003706F2 /* AppDelegate.swift in Sources */,
				CB1A447F1E6518AD003706F2 /* MenuForClientVC.swift in Sources */,
				CB1A443B1E5E906E003706F2 /* TiffinService_Backbone.xcdatamodeld in Sources */,
			);
			runOnlyForDeploymentPostprocessing = 0;
		};
		CB1A44421E5E906E003706F2 /* Sources */ = {
			isa = PBXSourcesBuildPhase;
			buildActionMask = 2147483647;
			files = (
				CB1A444B1E5E906E003706F2 /* TiffinService_BackboneTests.swift in Sources */,
			);
			runOnlyForDeploymentPostprocessing = 0;
		};
		CB1A444D1E5E906E003706F2 /* Sources */ = {
			isa = PBXSourcesBuildPhase;
			buildActionMask = 2147483647;
			files = (
				CB1A44561E5E906E003706F2 /* TiffinService_BackboneUITests.swift in Sources */,
			);
			runOnlyForDeploymentPostprocessing = 0;
		};
/* End PBXSourcesBuildPhase section */

/* Begin PBXTargetDependency section */
		CB1A44481E5E906E003706F2 /* PBXTargetDependency */ = {
			isa = PBXTargetDependency;
			target = CB1A442E1E5E906D003706F2 /* TiffinService Backbone */;
			targetProxy = CB1A44471E5E906E003706F2 /* PBXContainerItemProxy */;
		};
		CB1A44531E5E906E003706F2 /* PBXTargetDependency */ = {
			isa = PBXTargetDependency;
			target = CB1A442E1E5E906D003706F2 /* TiffinService Backbone */;
			targetProxy = CB1A44521E5E906E003706F2 /* PBXContainerItemProxy */;
		};
/* End PBXTargetDependency section */

/* Begin PBXVariantGroup section */
		CB1A44361E5E906D003706F2 /* Main.storyboard */ = {
			isa = PBXVariantGroup;
			children = (
				CB1A44371E5E906D003706F2 /* Base */,
			);
			name = Main.storyboard;
			sourceTree = "<group>";
		};
		CB1A443E1E5E906E003706F2 /* LaunchScreen.storyboard */ = {
			isa = PBXVariantGroup;
			children = (
				CB1A443F1E5E906E003706F2 /* Base */,
			);
			name = LaunchScreen.storyboard;
			sourceTree = "<group>";
		};
/* End PBXVariantGroup section */

/* Begin XCBuildConfiguration section */
		CB1A44581E5E906E003706F2 /* Debug */ = {
			isa = XCBuildConfiguration;
			buildSettings = {
				ALWAYS_SEARCH_USER_PATHS = NO;
				CLANG_ANALYZER_NONNULL = YES;
				CLANG_CXX_LANGUAGE_STANDARD = "gnu++0x";
				CLANG_CXX_LIBRARY = "libc++";
				CLANG_ENABLE_MODULES = YES;
				CLANG_ENABLE_OBJC_ARC = YES;
				CLANG_WARN_BOOL_CONVERSION = YES;
				CLANG_WARN_CONSTANT_CONVERSION = YES;
				CLANG_WARN_DIRECT_OBJC_ISA_USAGE = YES_ERROR;
				CLANG_WARN_DOCUMENTATION_COMMENTS = YES;
				CLANG_WARN_EMPTY_BODY = YES;
				CLANG_WARN_ENUM_CONVERSION = YES;
				CLANG_WARN_INFINITE_RECURSION = YES;
				CLANG_WARN_INT_CONVERSION = YES;
				CLANG_WARN_OBJC_ROOT_CLASS = YES_ERROR;
				CLANG_WARN_SUSPICIOUS_MOVE = YES;
				CLANG_WARN_UNREACHABLE_CODE = YES;
				CLANG_WARN__DUPLICATE_METHOD_MATCH = YES;
				"CODE_SIGN_IDENTITY[sdk=iphoneos*]" = "iPhone Developer";
				COPY_PHASE_STRIP = NO;
				DEBUG_INFORMATION_FORMAT = dwarf;
				ENABLE_STRICT_OBJC_MSGSEND = YES;
				ENABLE_TESTABILITY = YES;
				GCC_C_LANGUAGE_STANDARD = gnu99;
				GCC_DYNAMIC_NO_PIC = NO;
				GCC_NO_COMMON_BLOCKS = YES;
				GCC_OPTIMIZATION_LEVEL = 0;
				GCC_PREPROCESSOR_DEFINITIONS = (
					"DEBUG=1",
					"$(inherited)",
				);
				GCC_WARN_64_TO_32_BIT_CONVERSION = YES;
				GCC_WARN_ABOUT_RETURN_TYPE = YES_ERROR;
				GCC_WARN_UNDECLARED_SELECTOR = YES;
				GCC_WARN_UNINITIALIZED_AUTOS = YES_AGGRESSIVE;
				GCC_WARN_UNUSED_FUNCTION = YES;
				GCC_WARN_UNUSED_VARIABLE = YES;
				IPHONEOS_DEPLOYMENT_TARGET = 10.2;
				MTL_ENABLE_DEBUG_INFO = YES;
				ONLY_ACTIVE_ARCH = YES;
				SDKROOT = iphoneos;
				SWIFT_ACTIVE_COMPILATION_CONDITIONS = DEBUG;
				SWIFT_OPTIMIZATION_LEVEL = "-Onone";
			};
			name = Debug;
		};
		CB1A44591E5E906E003706F2 /* Release */ = {
			isa = XCBuildConfiguration;
			buildSettings = {
				ALWAYS_SEARCH_USER_PATHS = NO;
				CLANG_ANALYZER_NONNULL = YES;
				CLANG_CXX_LANGUAGE_STANDARD = "gnu++0x";
				CLANG_CXX_LIBRARY = "libc++";
				CLANG_ENABLE_MODULES = YES;
				CLANG_ENABLE_OBJC_ARC = YES;
				CLANG_WARN_BOOL_CONVERSION = YES;
				CLANG_WARN_CONSTANT_CONVERSION = YES;
				CLANG_WARN_DIRECT_OBJC_ISA_USAGE = YES_ERROR;
				CLANG_WARN_DOCUMENTATION_COMMENTS = YES;
				CLANG_WARN_EMPTY_BODY = YES;
				CLANG_WARN_ENUM_CONVERSION = YES;
				CLANG_WARN_INFINITE_RECURSION = YES;
				CLANG_WARN_INT_CONVERSION = YES;
				CLANG_WARN_OBJC_ROOT_CLASS = YES_ERROR;
				CLANG_WARN_SUSPICIOUS_MOVE = YES;
				CLANG_WARN_UNREACHABLE_CODE = YES;
				CLANG_WARN__DUPLICATE_METHOD_MATCH = YES;
				"CODE_SIGN_IDENTITY[sdk=iphoneos*]" = "iPhone Developer";
				COPY_PHASE_STRIP = NO;
				DEBUG_INFORMATION_FORMAT = "dwarf-with-dsym";
				ENABLE_NS_ASSERTIONS = NO;
				ENABLE_STRICT_OBJC_MSGSEND = YES;
				GCC_C_LANGUAGE_STANDARD = gnu99;
				GCC_NO_COMMON_BLOCKS = YES;
				GCC_WARN_64_TO_32_BIT_CONVERSION = YES;
				GCC_WARN_ABOUT_RETURN_TYPE = YES_ERROR;
				GCC_WARN_UNDECLARED_SELECTOR = YES;
				GCC_WARN_UNINITIALIZED_AUTOS = YES_AGGRESSIVE;
				GCC_WARN_UNUSED_FUNCTION = YES;
				GCC_WARN_UNUSED_VARIABLE = YES;
				IPHONEOS_DEPLOYMENT_TARGET = 10.2;
				MTL_ENABLE_DEBUG_INFO = NO;
				SDKROOT = iphoneos;
				SWIFT_OPTIMIZATION_LEVEL = "-Owholemodule";
				VALIDATE_PRODUCT = YES;
			};
			name = Release;
		};
		CB1A445B1E5E906E003706F2 /* Debug */ = {
			isa = XCBuildConfiguration;
			baseConfigurationReference = 061E5A3CB83FF9D0DF0E1642 /* Pods-TiffinService Backbone.debug.xcconfig */;
			buildSettings = {
				ASSETCATALOG_COMPILER_APPICON_NAME = AppIcon;
				DEVELOPMENT_TEAM = 8WUCP656VM;
				INFOPLIST_FILE = "TiffinService Backbone/Info.plist";
				LD_RUNPATH_SEARCH_PATHS = "$(inherited) @executable_path/Frameworks";
				PRODUCT_BUNDLE_IDENTIFIER = "viswanath-srikant.TiffinService-Backbone";
				PRODUCT_NAME = "$(TARGET_NAME)";
				SWIFT_VERSION = 3.0;
			};
			name = Debug;
		};
		CB1A445C1E5E906E003706F2 /* Release */ = {
			isa = XCBuildConfiguration;
			baseConfigurationReference = 30925154A7FFD87C7428F949 /* Pods-TiffinService Backbone.release.xcconfig */;
			buildSettings = {
				ASSETCATALOG_COMPILER_APPICON_NAME = AppIcon;
				DEVELOPMENT_TEAM = 8WUCP656VM;
				INFOPLIST_FILE = "TiffinService Backbone/Info.plist";
				LD_RUNPATH_SEARCH_PATHS = "$(inherited) @executable_path/Frameworks";
				PRODUCT_BUNDLE_IDENTIFIER = "viswanath-srikant.TiffinService-Backbone";
				PRODUCT_NAME = "$(TARGET_NAME)";
				SWIFT_VERSION = 3.0;
			};
			name = Release;
		};
		CB1A445E1E5E906E003706F2 /* Debug */ = {
			isa = XCBuildConfiguration;
			baseConfigurationReference = 86F045515BF8BACB9D9CB384 /* Pods-TiffinService BackboneTests.debug.xcconfig */;
			buildSettings = {
				ALWAYS_EMBED_SWIFT_STANDARD_LIBRARIES = YES;
				BUNDLE_LOADER = "$(TEST_HOST)";
				INFOPLIST_FILE = "TiffinService BackboneTests/Info.plist";
				LD_RUNPATH_SEARCH_PATHS = "$(inherited) @executable_path/Frameworks @loader_path/Frameworks";
				PRODUCT_BUNDLE_IDENTIFIER = "viswanath-srikant.TiffinService-BackboneTests";
				PRODUCT_NAME = "$(TARGET_NAME)";
				SWIFT_VERSION = 3.0;
				TEST_HOST = "$(BUILT_PRODUCTS_DIR)/TiffinService Backbone.app/TiffinService Backbone";
			};
			name = Debug;
		};
		CB1A445F1E5E906E003706F2 /* Release */ = {
			isa = XCBuildConfiguration;
			baseConfigurationReference = C679BE895F7D550EC22D816D /* Pods-TiffinService BackboneTests.release.xcconfig */;
			buildSettings = {
				ALWAYS_EMBED_SWIFT_STANDARD_LIBRARIES = YES;
				BUNDLE_LOADER = "$(TEST_HOST)";
				INFOPLIST_FILE = "TiffinService BackboneTests/Info.plist";
				LD_RUNPATH_SEARCH_PATHS = "$(inherited) @executable_path/Frameworks @loader_path/Frameworks";
				PRODUCT_BUNDLE_IDENTIFIER = "viswanath-srikant.TiffinService-BackboneTests";
				PRODUCT_NAME = "$(TARGET_NAME)";
				SWIFT_VERSION = 3.0;
				TEST_HOST = "$(BUILT_PRODUCTS_DIR)/TiffinService Backbone.app/TiffinService Backbone";
			};
			name = Release;
		};
		CB1A44611E5E906E003706F2 /* Debug */ = {
			isa = XCBuildConfiguration;
			baseConfigurationReference = 4BD96FFF71D7C66652FD094D /* Pods-TiffinService BackboneUITests.debug.xcconfig */;
			buildSettings = {
				ALWAYS_EMBED_SWIFT_STANDARD_LIBRARIES = YES;
				INFOPLIST_FILE = "TiffinService BackboneUITests/Info.plist";
				LD_RUNPATH_SEARCH_PATHS = "$(inherited) @executable_path/Frameworks @loader_path/Frameworks";
				PRODUCT_BUNDLE_IDENTIFIER = "viswanath-srikant.TiffinService-BackboneUITests";
				PRODUCT_NAME = "$(TARGET_NAME)";
				SWIFT_VERSION = 3.0;
				TEST_TARGET_NAME = "TiffinService Backbone";
			};
			name = Debug;
		};
		CB1A44621E5E906E003706F2 /* Release */ = {
			isa = XCBuildConfiguration;
			baseConfigurationReference = D96FED3096EA96B9BC5BBF3F /* Pods-TiffinService BackboneUITests.release.xcconfig */;
			buildSettings = {
				ALWAYS_EMBED_SWIFT_STANDARD_LIBRARIES = YES;
				INFOPLIST_FILE = "TiffinService BackboneUITests/Info.plist";
				LD_RUNPATH_SEARCH_PATHS = "$(inherited) @executable_path/Frameworks @loader_path/Frameworks";
				PRODUCT_BUNDLE_IDENTIFIER = "viswanath-srikant.TiffinService-BackboneUITests";
				PRODUCT_NAME = "$(TARGET_NAME)";
				SWIFT_VERSION = 3.0;
				TEST_TARGET_NAME = "TiffinService Backbone";
			};
			name = Release;
		};
/* End XCBuildConfiguration section */

/* Begin XCConfigurationList section */
		CB1A442A1E5E906D003706F2 /* Build configuration list for PBXProject "TiffinService Backbone" */ = {
			isa = XCConfigurationList;
			buildConfigurations = (
				CB1A44581E5E906E003706F2 /* Debug */,
				CB1A44591E5E906E003706F2 /* Release */,
			);
			defaultConfigurationIsVisible = 0;
			defaultConfigurationName = Release;
		};
		CB1A445A1E5E906E003706F2 /* Build configuration list for PBXNativeTarget "TiffinService Backbone" */ = {
			isa = XCConfigurationList;
			buildConfigurations = (
				CB1A445B1E5E906E003706F2 /* Debug */,
				CB1A445C1E5E906E003706F2 /* Release */,
			);
			defaultConfigurationIsVisible = 0;
			defaultConfigurationName = Release;
		};
		CB1A445D1E5E906E003706F2 /* Build configuration list for PBXNativeTarget "TiffinService BackboneTests" */ = {
			isa = XCConfigurationList;
			buildConfigurations = (
				CB1A445E1E5E906E003706F2 /* Debug */,
				CB1A445F1E5E906E003706F2 /* Release */,
			);
			defaultConfigurationIsVisible = 0;
			defaultConfigurationName = Release;
		};
		CB1A44601E5E906E003706F2 /* Build configuration list for PBXNativeTarget "TiffinService BackboneUITests" */ = {
			isa = XCConfigurationList;
			buildConfigurations = (
				CB1A44611E5E906E003706F2 /* Debug */,
				CB1A44621E5E906E003706F2 /* Release */,
			);
			defaultConfigurationIsVisible = 0;
			defaultConfigurationName = Release;
		};
/* End XCConfigurationList section */

/* Begin XCVersionGroup section */
		CB1A44391E5E906E003706F2 /* TiffinService_Backbone.xcdatamodeld */ = {
			isa = XCVersionGroup;
			children = (
				CB1A443A1E5E906E003706F2 /* TiffinService_Backbone.xcdatamodel */,
			);
			currentVersion = CB1A443A1E5E906E003706F2 /* TiffinService_Backbone.xcdatamodel */;
			path = TiffinService_Backbone.xcdatamodeld;
			sourceTree = "<group>";
			versionGroupType = wrapper.xcdatamodel;
		};
/* End XCVersionGroup section */
	};
	rootObject = CB1A44271E5E906D003706F2 /* Project object */;
}
